github.com/M09ic/go-ntlmssp v1.2.10-0.20221207030820-de2792a93fef h1:2EU8d8NucI6HC8EuMEUQZqt5mP+PQKTciF+K6o7DU8I=
github.com/M09ic/go-ntlmssp v1.2.10-0.20221207030820-de2792a93fef/go.mod h1:yMNEF6ulbFipt3CakMhcmcNVACshPRG4Ap4l00V+mMs=
github.com/chainreactors/files v0.2.0/go.mod h1:/Xa9YXhjBlaC33JTD6ZTJFig6pcplak2IDcovf42/6A=
github.com/chainreactors/files v0.2.3/go.mod h1:/Xa9YXhjBlaC33JTD6ZTJFig6pcplak2IDcovf42/6A=
github.com/chainreactors/files v0.2.4 h1:R0iCqjWLcwwLoSi87FpgUlpxZAd+W4ZLQF3lkoLWZi0=
github.com/chainreactors/files v0.2.4/go.mod h1:/Xa9YXhjBlaC33JTD6ZTJFig6pcplak2IDcovf42/6A=
github.com/chainreactors/files v0.2.5-0.20230310034906-b761b4c6b3b9 h1:PN7pIgavspuchBLRMJaLfNr3YPTTxx4/Zv0jpSEEBdA=
github.com/chainreactors/files v0.2.5-0.20230310034906-b761b4c6b3b9/go.mod h1:/Xa9YXhjBlaC33JTD6ZTJFig6pcplak2IDcovf42/6A=
github.com/chainreactors/files v0.2.5-0.20230310102018-3d10f74c7d6b h1:FRKGDHJrXrYfHnoehgE98vBoKvMpa/8/+d4wG0Zgpg4=
github.com/chainreactors/files v0.2.5-0.20230310102018-3d10f74c7d6b/go.mod h1:/Xa9YXhjBlaC33JTD6ZTJFig6pcplak2IDcovf42/6A=
github.com/chainreactors/ipcs v0.0.9 h1:4Onroq7gXLG5SLCCgNDx3JmtLxB4XgepGdHCtLp1Ows=
github.com/chainreactors/ipcs v0.0.9/go.mod h1:E9M3Ohyq0TYQLlV4i2dbM9ThBZB1Nnd7Oexoie2xLII=
github.com/chainreactors/logs v0.6.1/go.mod h1:Y0EtAnoF0kiASIJUnXN0pcOt420iRpHOAnOhEphzRHA=
github.com/chainreactors/logs v0.7.0 h1:AkGgl1OfsDKivqkOpUbukJRpXrqWpty70n6+/Ksfbfs=
github.com/chainreactors/logs v0.7.0/go.mod h1:Y0EtAnoF0kiASIJUnXN0pcOt420iRpHOAnOhEphzRHA=
github.com/chainreactors/logs v0.7.1-0.20221214153111-85f123ff6580 h1:28gbL1t+Mm4AoP1MeKM9oeSHoPcUwIrzrLtmdusHMIo=
github.com/chainreactors/logs v0.7.1-0.20221214153111-85f123ff6580/go.mod h1:Y0EtAnoF0kiASIJUnXN0pcOt420iRpHOAnOhEphzRHA=
github.com/chainreactors/neutron v0.0.0-20230227122754-80dc76323a1c h1:FCwd6WnWgxUIj21xQd6BEYmyZIfuXNMQz5+JXLSYlmU=
github.com/chainreactors/neutron v0.0.0-20230227122754-80dc76323a1c/go.mod h1:GjZPKmcyVoQvngG+GBHxXbpXBcjIcvHGO9xj/VXRf3w=
github.com/chainreactors/parsers v0.3.0 h1:OJ/K/ZRsaSWkQNf6+3yliHrps+zj0fZl2/7juhjFQsY=
github.com/chainreactors/parsers v0.3.0/go.mod h1:Z9weht+lnFCk7UcwqFu6lXpS7u5vttiy0AJYOAyCCLA=
github.com/chainreactors/parsers v0.3.1-0.20230310092055-dc6ec9473c04 h1:zsQNvMcwdjin+tFblLMGJlnA3A4uZ5SCu0Kk2lU745M=
github.com/chainreactors/parsers v0.3.1-0.20230310092055-dc6ec9473c04/go.mod h1:tA33N6UbYFnIT3k5tufOMfETxmEP20RZFyTSEnVXNUA=
github.com/chainreactors/parsers v0.3.1-0.20230310104445-a427c2fe20f2 h1:x0rmOfgnZiizO/Dt8dcERl91BcXBwgk3v8kC04JcfE0=
github.com/chainreactors/parsers v0.3.1-0.20230310104445-a427c2fe20f2/go.mod h1:tA33N6UbYFnIT3k5tufOMfETxmEP20RZFyTSEnVXNUA=
github.com/chainreactors/parsers v0.3.1-0.20230311054618-e2d074dbf879 h1:2D2M+JoaeaP8glkAkJ/IhqYnpsrAUpd9FrJaba0TkGU=
github.com/chainreactors/parsers v0.3.1-0.20230311054618-e2d074dbf879/go.mod h1:tA33N6UbYFnIT3k5tufOMfETxmEP20RZFyTSEnVXNUA=
github.com/creack/pty v1.1.9/go.mod h1:oKZEueFk5CKHvIhNR5MUki03XCEU+Q6VDXinZuGJ33E=
github.com/davecgh/go-spew v1.1.0/go.mod h1:J7Y8YcW2NihsgmVo/mv3lAwl/skON4iLHjSsI+c5H38=
github.com/davecgh/go-spew v1.1.1 h1:vj9j/u1bqnvCEfJOwUhtlOARqs3+rkHYY13jYWTU97c=
github.com/davecgh/go-spew v1.1.1/go.mod h1:J7Y8YcW2NihsgmVo/mv3lAwl/skON4iLHjSsI+c5H38=
github.com/dsnet/compress v0.0.1/go.mod h1:Aw8dCMJ7RioblQeTqt88akK31OvO8Dhf5JflhBbQEHo=
github.com/dsnet/golib v0.0.0-20171103203638-1ea166775780/go.mod h1:Lj+Z9rebOhdfkVLjJ8T6VcRQv3SXugXy999NBtR9aFY=
github.com/frankban/quicktest v1.14.4/go.mod h1:4ptaffx2x8+WTWXmUCuVU6aPUX1/Mz7zb5vbUoiM6w0=
github.com/go-dedup/megophone v0.0.0-20170830025436-f01be21026f5 h1:4U+x+EB1P66zwYgTjxWXSOT8vF+651Ksr1lojiCZnT8=
github.com/go-dedup/megophone v0.0.0-20170830025436-f01be21026f5/go.mod h1:poR/Cp00iqtqu9ltFwl6C00sKC0HY13u/Gh05ZBmP54=
github.com/go-dedup/simhash v0.0.0-20170904020510-9ecaca7b509c h1:mucYYQn+sMGNSxidhleonzAdwL203RxhjJGnxQU4NWU=
github.com/go-dedup/simhash v0.0.0-20170904020510-9ecaca7b509c/go.mod h1:gO3u2bjRAgUaLdQd2XK+3oooxrheOAx1BzS7WmPzw1s=
github.com/go-dedup/text v0.0.0-20170907015346-8bb1b95e3cb7 h1:11wFcswN+37U+ByjxdKzsRY5KzNqqq5Uk5ztxnLOc7w=
github.com/go-dedup/text v0.0.0-20170907015346-8bb1b95e3cb7/go.mod h1:wSsK4VOECOSfSYTzkBFw+iGY7wj59e7X96ABtNj9aCQ=
github.com/golang/snappy v0.0.4/go.mod h1:/XxbfmMg8lxefKM7IXC3fBNl/7bRcc72aCRzEWrmP2Q=
github.com/google/go-cmp v0.5.9/go.mod h1:17dUlkBOakJ0+DkrSSNjCkIjxS6bF9zb3elmeNGIjoY=
github.com/h2non/filetype v1.1.3/go.mod h1:319b3zT68BvV+WRj7cwy856M2ehB3HqNOt6sy1HndBY=
github.com/jessevdk/go-flags v1.5.0 h1:1jKYvbxEjfUl0fmqTCOfonvskHHXMjBySTLW4y9LFvc=
github.com/jessevdk/go-flags v1.5.0/go.mod h1:Fw0T6WPc1dYxT4mKEZRfG5kJhaTDP9pj1c2EWnYs/m4=
github.com/klauspost/compress v1.4.1/go.mod h1:RyIbtBH6LamlWaDj8nUwkbUhJ87Yi3uG0guNDohfE1A=
github.com/klauspost/cpuid v1.2.0/go.mod h1:Pj4uuM528wm8OyEC2QMXAi2YiTZ96dNQPGgoMS4s3ek=
github.com/kr/pretty v0.3.1/go.mod h1:hoEshYVHaxMs3cyo3Yncou5ZscifuDolrwPKZanG3xk=
github.com/kr/text v0.2.0/go.mod h1:eLer722TekiGuMkidMxC/pM04lWEeraHUUmBw8l2grE=
github.com/mholt/archiver v3.1.1+incompatible/go.mod h1:Dh2dOXnSdiLxRiPoVfIr/fI1TwETms9B8CTWfeh7ROU=
github.com/nwaples/rardecode v1.1.3/go.mod h1:5DzqNKiOdpKKBH87u8VlvAnPZMXcGRhxWkRpHbbfGS0=
github.com/panjf2000/ants/v2 v2.5.0 h1:1rWGWSnxCsQBga+nQbA4/iY6VMeNoOIAM0ZWh9u3q2Q=
github.com/panjf2000/ants/v2 v2.5.0/go.mod h1:cU93usDlihJZ5CfRGNDYsiBYvoilLvBF5Qp/BT2GNRE=
github.com/pierrec/lz4 v2.6.1+incompatible/go.mod h1:pdkljMzZIN41W+lC3N2tnIh5sFi+IEE17M5jbnwPHcY=
github.com/pkg/diff v0.0.0-20210226163009-20ebb0f2a09e/go.mod h1:pJLUxLENpZxwdsKMEsNbx1VGcRFpLqf3715MtcvvzbA=
github.com/pmezard/go-difflib v1.0.0 h1:4DBwDE0NGyQoBHbLQYPwSUPoCMWR5BEzIk/f1lZbAQM=
github.com/pmezard/go-difflib v1.0.0/go.mod h1:iKH77koFhYxTK1pcRnkKkqfTogsbg7gZNVY4sRDYZ/4=
github.com/rogpeppe/go-internal v1.9.0/go.mod h1:WtVeX8xhTBvf0smdhujwtBcq4Qrzq/fJaraNFVN+nFs=
github.com/stretchr/objx v0.1.0/go.mod h1:HFkY916IF+rwdDfMAkV7OtwuqBVzrE8GR6GFx+wExME=
github.com/stretchr/testify v1.7.1 h1:5TQK59W5E3v0r2duFAb7P95B6hEeOyEnHRa8MjYSMTY=
github.com/stretchr/testify v1.7.1/go.mod h1:6Fq8oRcR53rry900zMqJjRRixrwX3KX962/h/Wwjteg=
github.com/twmb/murmur3 v1.1.6 h1:mqrRot1BRxm+Yct+vavLMou2/iJt0tNVTTC0QoIjaZg=
github.com/twmb/murmur3 v1.1.6/go.mod h1:Qq/R7NUyOfr65zD+6Q5IHKsJLwP7exErjN6lyyq3OSQ=
github.com/ulikunitz/xz v0.5.6/go.mod h1:2bypXElzHzzJZwzH67Y6wb67pO62Rzfn7BSiF4ABRW8=
github.com/ulikunitz/xz v0.5.11/go.mod h1:nbz6k7qbPmH4IRqmfOplQw/tblSgqTqBwxkY0oWt/14=
github.com/xi2/xz v0.0.0-20171230120015-48954b6210f8/go.mod h1:HUYIGzjTL3rfEspMxjDjgmT5uz5wzYJKVo23qUhYTos=
golang.org/x/crypto v0.0.0-20190308221718-c2843e01d9a2/go.mod h1:djNgcEr1/C05ACkg1iLfiJU5Ep61QUkGW8qpdssI0+w=
golang.org/x/crypto v0.0.0-20200604202706-70a84ac30bf9 h1:vEg9joUBmeBcK9iSJftGNf3coIG4HqZElCPehJsfAYM=
golang.org/x/crypto v0.0.0-20200604202706-70a84ac30bf9/go.mod h1:LzIPMQfyMNhhGPhUkYOs5KpL4U8rLKemX1yGLhDgUto=
golang.org/x/net v0.0.0-20190404232315-eb5bcb51f2a3/go.mod h1:t9HGtf8HONx5eT2rtn7q6eTqICYqUVnKs3thJo3Qplg=
golang.org/x/net v0.0.0-20190603091049-60506f45cf65 h1:+rhAzEzT3f4JtomfC371qB+0Ola2caSKcY69NUBZrRQ=
golang.org/x/net v0.0.0-20190603091049-60506f45cf65/go.mod h1:HSz+uSET+XFnRR8LxR5pz3Of3rY3CfYBVs4xY44aLks=
golang.org/x/sys v0.0.0-20190215142949-d0b11bdaac8a/go.mod h1:STP8DvDyc/dI5b8T5hshtkjS+E42TnysNCUPdjciGhY=
golang.org/x/sys v0.0.0-20190412213103-97732733099d/go.mod h1:h1NjWce9XRLGQEsW7wpKNCjG9DtNlClVuFLEZdDNbEs=
golang.org/x/sys v0.0.0-20210320140829-1e4c9ba3b0c4/go.mod h1:h1NjWce9XRLGQEsW7wpKNCjG9DtNlClVuFLEZdDNbEs=
golang.org/x/sys v0.0.0-20220209214540-3681064d5158 h1:rm+CHSpPEEW2IsXUib1ThaHIjuBVZjxNgSKmBLFfD4c=
golang.org/x/sys v0.0.0-20220209214540-3681064d5158/go.mod h1:oPkhp1MJrh7nUepCBck5+mAzfO9JrbApNNgaTdGDITg=
golang.org/x/text v0.3.0/go.mod h1:NqM8EUOU14njkJ3fqMW+pc6Ldnwhi/IjpwHt7yyuwOQ=
gopkg.in/check.v1 v0.0.0-20161208181325-20d25e280405 h1:yhCVgyC4o1eVCa2tZl7eS0r+SDo693bJlVdllGtEeKM=
gopkg.in/check.v1 v0.0.0-20161208181325-20d25e280405/go.mod h1:Co6ibVJAznAaIkqp8huTwlJQCZ016jof/cbN4VW5Yz0=
gopkg.in/yaml.v2 v2.4.0 h1:D8xgwECY7CYvx+Y2n4sBz93Jn9JRvxdiyyo8CTfuKaY=
gopkg.in/yaml.v2 v2.4.0/go.mod h1:RDklbk79AGWmwhnvt/jBztapEOGDOx6ZbXqjP6csGnQ=
gopkg.in/yaml.v3 v3.0.0-20200313102051-9f266ea9e77c/go.mod h1:K4uyk7z7BCEPqu6E+C64Yfv1cQ7kz7rIZviUmN+EgEM=
gopkg.in/yaml.v3 v3.0.0-20210107192922-496545a6307b h1:h8qDotaEPuJATrMmW04NCwg7v22aHH28wwpauUhK9Oo=
gopkg.in/yaml.v3 v3.0.0-20210107192922-496545a6307b/go.mod h1:K4uyk7z7BCEPqu6E+C64Yfv1cQ7kz7rIZviUmN+EgEM=
sigs.k8s.io/yaml v1.3.0 h1:a2VclLzOGrwOHDiV8EfBGhvjHvP46CtW5j6POvhYGGo=
sigs.k8s.io/yaml v1.3.0/go.mod h1:GeOyir5tyXNByN85N/dRIT9es5UQNerPYEKK56eTBm8=
